{
  "requires": true,
  "lockfileVersion": 1,
  "dependencies": {
    "react-hook-form": {
      "version": "3.28.11",
      "resolved": "https://registry.npmjs.org/react-hook-form/-/react-hook-form-3.28.11.tgz",
      "integrity": "sha512-laAE0w40+q5fq/Dz/F2LFLbjl8vd1cpkeLu6s3VwbJ7TJ+D02VZPaN0PHnXp59dlu6+SiTkshPDqa7GKWkD0gQ=="
    }
  }
}
